uuid: 94dfc24f-c7d5-437b-a192-cf7c203bd6e5
langcode: fr
status: true
dependencies:
  config:
    - views.view.events
  module:
    - system
    - views
  theme:
    - arpont
id: arpont_views_block__events_frontpage_block
theme: arpont
region: post_content_2
weight: -12
provider: null
plugin: 'views_block:events-frontpage_block'
settings:
  id: 'views_block:events-frontpage_block'
  label: ''
  provider: views
  label_display: visible
  views_label: ''
  items_per_page: none
visibility:
  request_path:
    id: request_path
    pages: '<front>'
    negate: false
    context_mapping: {  }
