uuid: 702a0f63-413e-41db-ae45-ce5413c2a8a0
langcode: fr
status: true
dependencies:
  config:
    - views.view.events
  module:
    - system
    - views
  theme:
    - bois
id: bois_views_block__events_frontpage_block
theme: bois
region: content
weight: -1
provider: null
plugin: 'views_block:events-frontpage_block'
settings:
  id: 'views_block:events-frontpage_block'
  label: ''
  provider: views
  label_display: visible
  views_label: ''
  items_per_page: none
visibility:
  request_path:
    id: request_path
    pages: '<front>'
    negate: false
    context_mapping: {  }
